// !$*UTF8*$!
{
	archiveVersion = 1;
	classes = {
	};
	objectVersion = 46;
	objects = {

/* Begin PBXBuildFile section */
		117405F31B9954BF004425E1 /* RNHTMLtoPDF.h in CopyFiles */ = {isa = PBXBuildFile; fileRef = 117405F21B9954BF004425E1 /* RNHTMLtoPDF.h */; };
		117405F51B9954BF004425E1 /* RNHTMLtoPDF.m in Sources */ = {isa = PBXBuildFile; fileRef = 117405F41B9954BF004425E1 /* RNHTMLtoPDF.m */; };
		117405FB1B9954BF004425E1 /* libRNHTMLtoPDF.a in Frameworks */ = {isa = PBXBuildFile; fileRef = 117405EF1B9954BF004425E1 /* libRNHTMLtoPDF.a */; };
/* End PBXBuildFile section */

/* Begin PBXContainerItemProxy section */
		117405FC1B9954BF004425E1 /* PBXContainerItemProxy */ = {
			isa = PBXContainerItemProxy;
			containerPortal = 117405E71B9954BF004425E1 /* Project object */;
			proxyType = 1;
			remoteGlobalIDString = 117405EE1B9954BF004425E1;
			remoteInfo = RNHTMLtoPDF;
		};
/* End PBXContainerItemProxy section */

/* Begin PBXCopyFilesBuildPhase section */
		117405ED1B9954BF004425E1 /* CopyFiles */ = {
			isa = PBXCopyFilesBuildPhase;
			buildActionMask = 2147483647;
			dstPath = "include/$(PRODUCT_NAME)";
			dstSubfolderSpec = 16;
			files = (
				117405F31B9954BF004425E1 /* RNHTMLtoPDF.h in CopyFiles */,
			);
			runOnlyForDeploymentPostprocessing = 0;
		};
/* End PBXCopyFilesBuildPhase section */

/* Begin PBXFileReference section */
		117405EF1B9954BF004425E1 /* libRNHTMLtoPDF.a */ = {isa = PBXFileReference; explicitFileType = archive.ar; includeInIndex = 0; path = libRNHTMLtoPDF.a; sourceTree = BUILT_PRODUCTS_DIR; };
		117405F21B9954BF004425E1 /* RNHTMLtoPDF.h */ = {isa = PBXFileReference; lastKnownFileType = sourcecode.c.h; path = RNHTMLtoPDF.h; sourceTree = "<group>"; };
		117405F41B9954BF004425E1 /* RNHTMLtoPDF.m */ = {isa = PBXFileReference; lastKnownFileType = sourcecode.c.objc; path = RNHTMLtoPDF.m; sourceTree = "<group>"; };
		117405FA1B9954BF004425E1 /* RNHTMLtoPDFTests.xctest */ = {isa = PBXFileReference; explicitFileType = wrapper.cfbundle; includeInIndex = 0; path = RNHTMLtoPDFTests.xctest; sourceTree = BUILT_PRODUCTS_DIR; };
		117406001B9954BF004425E1 /* Info.plist */ = {isa = PBXFileReference; lastKnownFileType = text.plist.xml; path = Info.plist; sourceTree = "<group>"; };
/* End PBXFileReference section */

/* Begin PBXFrameworksBuildPhase section */
		117405EC1B9954BF004425E1 /* Frameworks */ = {
			isa = PBXFrameworksBuildPhase;
			buildActionMask = 2147483647;
			files = (
			);
			runOnlyForDeploymentPostprocessing = 0;
		};
		117405F71B9954BF004425E1 /* Frameworks */ = {
			isa = PBXFrameworksBuildPhase;
			buildActionMask = 2147483647;
			files = (
				117405FB1B9954BF004425E1 /* libRNHTMLtoPDF.a in Frameworks */,
			);
			runOnlyForDeploymentPostprocessing = 0;
		};
/* End PBXFrameworksBuildPhase section */

/* Begin PBXGroup section */
		117405E61B9954BF004425E1 = {
			isa = PBXGroup;
			children = (
				117405F11B9954BF004425E1 /* RNHTMLtoPDF */,
				117405FE1B9954BF004425E1 /* RNHTMLtoPDFTests */,
				117405F01B9954BF004425E1 /* Products */,
			);
			sourceTree = "<group>";
		};
		117405F01B9954BF004425E1 /* Products */ = {
			isa = PBXGroup;
			children = (
				117405EF1B9954BF004425E1 /* libRNHTMLtoPDF.a */,
				117405FA1B9954BF004425E1 /* RNHTMLtoPDFTests.xctest */,
			);
			name = Products;
			sourceTree = "<group>";
		};
		117405F11B9954BF004425E1 /* RNHTMLtoPDF */ = {
			isa = PBXGroup;
			children = (
				117405F21B9954BF004425E1 /* RNHTMLtoPDF.h */,
				117405F41B9954BF004425E1 /* RNHTMLtoPDF.m */,
			);
			path = RNHTMLtoPDF;
			sourceTree = "<group>";
		};
		117405FE1B9954BF004425E1 /* RNHTMLtoPDFTests */ = {
			isa = PBXGroup;
			children = (
				117405FF1B9954BF004425E1 /* Supporting Files */,
			);
			path = RNHTMLtoPDFTests;
			sourceTree = "<group>";
		};
		117405FF1B9954BF004425E1 /* Supporting Files */ = {
			isa = PBXGroup;
			children = (
				117406001B9954BF004425E1 /* Info.plist */,
			);
			name = "Supporting Files";
			sourceTree = "<group>";
		};
/* End PBXGroup section */

/* Begin PBXNativeTarget section */
		117405EE1B9954BF004425E1 /* RNHTMLtoPDF */ = {
			isa = PBXNativeTarget;
			buildConfigurationList = 117406031B9954BF004425E1 /* Build configuration list for PBXNativeTarget "RNHTMLtoPDF" */;
			buildPhases = (
				117405EB1B9954BF004425E1 /* Sources */,
				117405EC1B9954BF004425E1 /* Frameworks */,
				117405ED1B9954BF004425E1 /* CopyFiles */,
			);
			buildRules = (
			);
			dependencies = (
			);
			name = RNHTMLtoPDF;
			productName = RNHTMLtoPDF;
			productReference = 117405EF1B9954BF004425E1 /* libRNHTMLtoPDF.a */;
			productType = "com.apple.product-type.library.static";
		};
		117405F91B9954BF004425E1 /* RNHTMLtoPDFTests */ = {
			isa = PBXNativeTarget;
			buildConfigurationList = 117406061B9954BF004425E1 /* Build configuration list for PBXNativeTarget "RNHTMLtoPDFTests" */;
			buildPhases = (
				117405F61B9954BF004425E1 /* Sources */,
				117405F71B9954BF004425E1 /* Frameworks */,
				117405F81B9954BF004425E1 /* Resources */,
			);
			buildRules = (
			);
			dependencies = (
				117405FD1B9954BF004425E1 /* PBXTargetDependency */,
			);
			name = RNHTMLtoPDFTests;
			productName = RNHTMLtoPDFTests;
			productReference = 117405FA1B9954BF004425E1 /* RNHTMLtoPDFTests.xctest */;
			productType = "com.apple.product-type.bundle.unit-test";
		};
/* End PBXNativeTarget section */

/* Begin PBXProject section */
		117405E71B9954BF004425E1 /* Project object */ = {
			isa = PBXProject;
			attributes = {
				LastUpgradeCheck = 0640;
				ORGANIZATIONNAME = "Blick Labs";
				TargetAttributes = {
					117405EE1B9954BF004425E1 = {
						CreatedOnToolsVersion = 6.4;
					};
					117405F91B9954BF004425E1 = {
						CreatedOnToolsVersion = 6.4;
					};
				};
			};
			buildConfigurationList = 117405EA1B9954BF004425E1 /* Build configuration list for PBXProject "RNHTMLtoPDF" */;
			compatibilityVersion = "Xcode 3.2";
			developmentRegion = English;
			hasScannedForEncodings = 0;
			knownRegions = (
				en,
			);
			mainGroup = 117405E61B9954BF004425E1;
			productRefGroup = 117405F01B9954BF004425E1 /* Products */;
			projectDirPath = "";
			projectRoot = "";
			targets = (
				117405EE1B9954BF004425E1 /* RNHTMLtoPDF */,
				117405F91B9954BF004425E1 /* RNHTMLtoPDFTests */,
			);
		};
/* End PBXProject section */

/* Begin PBXResourcesBuildPhase section */
		117405F81B9954BF004425E1 /* Resources */ = {
			isa = PBXResourcesBuildPhase;
			buildActionMask = 2147483647;
			files = (
			);
			runOnlyForDeploymentPostprocessing = 0;
		};
/* End PBXResourcesBuildPhase section */

/* Begin PBXSourcesBuildPhase section */
		117405EB1B9954BF004425E1 /* Sources */ = {
			isa = PBXSourcesBuildPhase;
			buildActionMask = 2147483647;
			files = (
				117405F51B9954BF004425E1 /* RNHTMLtoPDF.m in Sources */,
			);
			runOnlyForDeploymentPostprocessing = 0;
		};
		117405F61B9954BF004425E1 /* Sources */ = {
			isa = PBXSourcesBuildPhase;
			buildActionMask = 2147483647;
			files = (
			);
			runOnlyForDeploymentPostprocessing = 0;
		};
/* End PBXSourcesBuildPhase section */

/* Begin PBXTargetDependency section */
		117405FD1B9954BF004425E1 /* PBXTargetDependency */ = {
			isa = PBXTargetDependency;
			target = 117405EE1B9954BF004425E1 /* RNHTMLtoPDF */;
			targetProxy = 117405FC1B9954BF004425E1 /* PBXContainerItemProxy */;
		};
/* End PBXTargetDependency section */

/* Begin XCBuildConfiguration section */
		117406011B9954BF004425E1 /* Debug */ = {
			isa = XCBuildConfiguration;
			buildSettings = {
				ALWAYS_SEARCH_USER_PATHS = NO;
				CLANG_CXX_LANGUAGE_STANDARD = "gnu++0x";
				CLANG_CXX_LIBRARY = "libc++";
				CLANG_ENABLE_MODULES = YES;
				CLANG_ENABLE_OBJC_ARC = YES;
				CLANG_WARN_BOOL_CONVERSION = YES;
				CLANG_WARN_CONSTANT_CONVERSION = YES;
				CLANG_WARN_DIRECT_OBJC_ISA_USAGE = YES_ERROR;
				CLANG_WARN_EMPTY_BODY = YES;
				CLANG_WARN_ENUM_CONVERSION = YES;
				CLANG_WARN_INT_CONVERSION = YES;
				CLANG_WARN_OBJC_ROOT_CLASS = YES_ERROR;
				CLANG_WARN_UNREACHABLE_CODE = YES;
				CLANG_WARN__DUPLICATE_METHOD_MATCH = YES;
				COPY_PHASE_STRIP = NO;
				DEBUG_INFORMATION_FORMAT = "dwarf-with-dsym";
				ENABLE_STRICT_OBJC_MSGSEND = YES;
				GCC_C_LANGUAGE_STANDARD = gnu99;
				GCC_DYNAMIC_NO_PIC = NO;
				GCC_NO_COMMON_BLOCKS = YES;
				GCC_OPTIMIZATION_LEVEL = 0;
				GCC_PREPROCESSOR_DEFINITIONS = (
					"DEBUG=1",
					"$(inherited)",
				);
				GCC_SYMBOLS_PRIVATE_EXTERN = NO;
				GCC_WARN_64_TO_32_BIT_CONVERSION = YES;
				GCC_WARN_ABOUT_RETURN_TYPE = YES_ERROR;
				GCC_WARN_UNDECLARED_SELECTOR = YES;
				GCC_WARN_UNINITIALIZED_AUTOS = YES_AGGRESSIVE;
				GCC_WARN_UNUSED_FUNCTION = YES;
				GCC_WARN_UNUSED_VARIABLE = YES;
				IPHONEOS_DEPLOYMENT_TARGET = 8.4;
				MTL_ENABLE_DEBUG_INFO = YES;
				ONLY_ACTIVE_ARCH = YES;
				SDKROOT = iphoneos;
			};
			name = Debug;
		};
		117406021B9954BF004425E1 /* Release */ = {
			isa = XCBuildConfiguration;
			buildSettings = {
				ALWAYS_SEARCH_USER_PATHS = NO;
				CLANG_CXX_LANGUAGE_STANDARD = "gnu++0x";
				CLANG_CXX_LIBRARY = "libc++";
				CLANG_ENABLE_MODULES = YES;
				CLANG_ENABLE_OBJC_ARC = YES;
				CLANG_WARN_BOOL_CONVERSION = YES;
				CLANG_WARN_CONSTANT_CONVERSION = YES;
				CLANG_WARN_DIRECT_OBJC_ISA_USAGE = YES_ERROR;
				CLANG_WARN_EMPTY_BODY = YES;
				CLANG_WARN_ENUM_CONVERSION = YES;
				CLANG_WARN_INT_CONVERSION = YES;
				CLANG_WARN_OBJC_ROOT_CLASS = YES_ERROR;
				CLANG_WARN_UNREACHABLE_CODE = YES;
				CLANG_WARN__DUPLICATE_METHOD_MATCH = YES;
				COPY_PHASE_STRIP = NO;
				DEBUG_INFORMATION_FORMAT = "dwarf-with-dsym";
				ENABLE_NS_ASSERTIONS = NO;
				ENABLE_STRICT_OBJC_MSGSEND = YES;
				GCC_C_LANGUAGE_STANDARD = gnu99;
				GCC_NO_COMMON_BLOCKS = YES;
				GCC_WARN_64_TO_32_BIT_CONVERSION = YES;
				GCC_WARN_ABOUT_RETURN_TYPE = YES_ERROR;
				GCC_WARN_UNDECLARED_SELECTOR = YES;
				GCC_WARN_UNINITIALIZED_AUTOS = YES_AGGRESSIVE;
				GCC_WARN_UNUSED_FUNCTION = YES;
				GCC_WARN_UNUSED_VARIABLE = YES;
				IPHONEOS_DEPLOYMENT_TARGET = 8.4;
				MTL_ENABLE_DEBUG_INFO = NO;
				SDKROOT = iphoneos;
				VALIDATE_PRODUCT = YES;
			};
			name = Release;
		};
		117406041B9954BF004425E1 /* Debug */ = {
			isa = XCBuildConfiguration;
			buildSettings = {
				HEADER_SEARCH_PATHS = (
					"$(inherited)",
					/Applications/Xcode.app/Contents/Developer/Toolchains/XcodeDefault.xctoolchain/usr/include,
					"$(SRCROOT)/../react-native/React/**",
					"$(SRCROOT)/node_modules/react-native/React/**",
				);
				OTHER_LDFLAGS = "-ObjC";
				PRODUCT_NAME = "$(TARGET_NAME)";
				SKIP_INSTALL = YES;
			};
			name = Debug;
		};
		117406051B9954BF004425E1 /* Release */ = {
			isa = XCBuildConfiguration;
			buildSettings = {
				HEADER_SEARCH_PATHS = (
					"$(inherited)",
					/Applications/Xcode.app/Contents/Developer/Toolchains/XcodeDefault.xctoolchain/usr/include,
					"$(SRCROOT)/../react-native/React/**",
					"$(SRCROOT)/node_modules/react-native/React/**",
				);
				OTHER_LDFLAGS = "-ObjC";
				PRODUCT_NAME = "$(TARGET_NAME)";
				SKIP_INSTALL = YES;
			};
			name = Release;
		};
		117406071B9954BF004425E1 /* Debug */ = {
			isa = XCBuildConfiguration;
			buildSettings = {
				"CODE_SIGN_IDENTITY[sdk=iphoneos*]" = "iPhone Developer";
				FRAMEWORK_SEARCH_PATHS = (
					"$(SDKROOT)/Developer/Library/Frameworks",
					"$(inherited)",
				);
				GCC_PREPROCESSOR_DEFINITIONS = (
					"DEBUG=1",
					"$(inherited)",
				);
				INFOPLIST_FILE = RNHTMLtoPDFTests/Info.plist;
				LD_RUNPATH_SEARCH_PATHS = "$(inherited) @executable_path/Frameworks @loader_path/Frameworks";
				PRODUCT_NAME = "$(TARGET_NAME)";
			};
			name = Debug;
		};
		117406081B9954BF004425E1 /* Release */ = {
			isa = XCBuildConfiguration;
			buildSettings = {
				"CODE_SIGN_IDENTITY[sdk=iphoneos*]" = "iPhone Developer";
				FRAMEWORK_SEARCH_PATHS = (
					"$(SDKROOT)/Developer/Library/Frameworks",
					"$(inherited)",
				);
				INFOPLIST_FILE = RNHTMLtoPDFTests/Info.plist;
				LD_RUNPATH_SEARCH_PATHS = "$(inherited) @executable_path/Frameworks @loader_path/Frameworks";
				PRODUCT_NAME = "$(TARGET_NAME)";
			};
			name = Release;
		};
/* End XCBuildConfiguration section */

/* Begin XCConfigurationList section */
		117405EA1B9954BF004425E1 /* Build configuration list for PBXProject "RNHTMLtoPDF" */ = {
			isa = XCConfigurationList;
			buildConfigurations = (
				117406011B9954BF004425E1 /* Debug */,
				117406021B9954BF004425E1 /* Release */,
			);
			defaultConfigurationIsVisible = 0;
			defaultConfigurationName = Release;
		};
		117406031B9954BF004425E1 /* Build configuration list for PBXNativeTarget "RNHTMLtoPDF" */ = {
			isa = XCConfigurationList;
			buildConfigurations = (
				117406041B9954BF004425E1 /* Debug */,
				117406051B9954BF004425E1 /* Release */,
			);
			defaultConfigurationIsVisible = 0;
		};
		117406061B9954BF004425E1 /* Build configuration list for PBXNativeTarget "RNHTMLtoPDFTests" */ = {
			isa = XCConfigurationList;
			buildConfigurations = (
				117406071B9954BF004425E1 /* Debug */,
				117406081B9954BF004425E1 /* Release */,
			);
			defaultConfigurationIsVisible = 0;
		};
/* End XCConfigurationList section */
	};
	rootObject = 117405E71B9954BF004425E1 /* Project object */;
}
